// !$*UTF8*$!
{
	archiveVersion = 1;
	classes = {
	};
	objectVersion = 56;
	objects = {

/* Begin PBXBuildFile section */
		0F550A3A2C063C14002534F3 /* KMOOC_TCAApp.swift in Sources */ = {isa = PBXBuildFile; fileRef = 0F550A392C063C14002534F3 /* KMOOC_TCAApp.swift */; };
		0F550A3E2C063C15002534F3 /* Assets.xcassets in Resources */ = {isa = PBXBuildFile; fileRef = 0F550A3D2C063C15002534F3 /* Assets.xcassets */; };
		0F550A412C063C15002534F3 /* Preview Assets.xcassets in Resources */ = {isa = PBXBuildFile; fileRef = 0F550A402C063C15002534F3 /* Preview Assets.xcassets */; };
		0F5C59D22C10673200E8E422 /* KmoocListView.swift in Sources */ = {isa = PBXBuildFile; fileRef = 0F5C59D12C10673200E8E422 /* KmoocListView.swift */; };
		0F5C59D42C10673D00E8E422 /* KmoocDetailView.swift in Sources */ = {isa = PBXBuildFile; fileRef = 0F5C59D32C10673D00E8E422 /* KmoocDetailView.swift */; };
		0F5C59D72C106ADA00E8E422 /* ComposableArchitecture in Frameworks */ = {isa = PBXBuildFile; productRef = 0F5C59D62C106ADA00E8E422 /* ComposableArchitecture */; };
		0F5C59DB2C10ACC300E8E422 /* Model.swift in Sources */ = {isa = PBXBuildFile; fileRef = 0F5C59DA2C10ACC300E8E422 /* Model.swift */; };
		0F5C59DD2C12DE0500E8E422 /* KmoocListCore.swift in Sources */ = {isa = PBXBuildFile; fileRef = 0F5C59DC2C12DE0500E8E422 /* KmoocListCore.swift */; };
/* End PBXBuildFile section */

/* Begin PBXFileReference section */
		0F550A362C063C14002534F3 /* KMOOC_TCA.app */ = {isa = PBXFileReference; explicitFileType = wrapper.application; includeInIndex = 0; path = KMOOC_TCA.app; sourceTree = BUILT_PRODUCTS_DIR; };
		0F550A392C063C14002534F3 /* KMOOC_TCAApp.swift */ = {isa = PBXFileReference; lastKnownFileType = sourcecode.swift; path = KMOOC_TCAApp.swift; sourceTree = "<group>"; };
		0F550A3D2C063C15002534F3 /* Assets.xcassets */ = {isa = PBXFileReference; lastKnownFileType = folder.assetcatalog; path = Assets.xcassets; sourceTree = "<group>"; };
		0F550A402C063C15002534F3 /* Preview Assets.xcassets */ = {isa = PBXFileReference; lastKnownFileType = folder.assetcatalog; path = "Preview Assets.xcassets"; sourceTree = "<group>"; };
		0F5C59D12C10673200E8E422 /* KmoocListView.swift */ = {isa = PBXFileReference; lastKnownFileType = sourcecode.swift; path = KmoocListView.swift; sourceTree = "<group>"; };
		0F5C59D32C10673D00E8E422 /* KmoocDetailView.swift */ = {isa = PBXFileReference; lastKnownFileType = sourcecode.swift; path = KmoocDetailView.swift; sourceTree = "<group>"; };
		0F5C59DA2C10ACC300E8E422 /* Model.swift */ = {isa = PBXFileReference; lastKnownFileType = sourcecode.swift; path = Model.swift; sourceTree = "<group>"; };
		0F5C59DC2C12DE0500E8E422 /* KmoocListCore.swift */ = {isa = PBXFileReference; lastKnownFileType = sourcecode.swift; path = KmoocListCore.swift; sourceTree = "<group>"; };
		0F5C59DE2C13272200E8E422 /* KMOOC-TCA-Info.plist */ = {isa = PBXFileReference; lastKnownFileType = text.plist; path = "KMOOC-TCA-Info.plist"; sourceTree = SOURCE_ROOT; };
/* End PBXFileReference section */

/* Begin PBXFrameworksBuildPhase section */
		0F550A332C063C14002534F3 /* Frameworks */ = {
			isa = PBXFrameworksBuildPhase;
			buildActionMask = 2147483647;
			files = (
				0F5C59D72C106ADA00E8E422 /* ComposableArchitecture in Frameworks */,
			);
			runOnlyForDeploymentPostprocessing = 0;
		};
/* End PBXFrameworksBuildPhase section */

/* Begin PBXGroup section */
		0F550A2D2C063C14002534F3 = {
			isa = PBXGroup;
			children = (
				0F550A382C063C14002534F3 /* KMOOC_TCA */,
				0F550A372C063C14002534F3 /* Products */,
			);
			sourceTree = "<group>";
		};
		0F550A372C063C14002534F3 /* Products */ = {
			isa = PBXGroup;
			children = (
				0F550A362C063C14002534F3 /* KMOOC_TCA.app */,
			);
			name = Products;
			sourceTree = "<group>";
		};
		0F550A382C063C14002534F3 /* KMOOC_TCA */ = {
			isa = PBXGroup;
			children = (
				0F5C59DE2C13272200E8E422 /* KMOOC-TCA-Info.plist */,
				0F550A392C063C14002534F3 /* KMOOC_TCAApp.swift */,
				0F5C59D12C10673200E8E422 /* KmoocListView.swift */,
				0F5C59DC2C12DE0500E8E422 /* KmoocListCore.swift */,
				0F5C59DA2C10ACC300E8E422 /* Model.swift */,
				0F5C59D32C10673D00E8E422 /* KmoocDetailView.swift */,
				0F550A3D2C063C15002534F3 /* Assets.xcassets */,
				0F550A3F2C063C15002534F3 /* Preview Content */,
			);
			path = KMOOC_TCA;
			sourceTree = "<group>";
		};
		0F550A3F2C063C15002534F3 /* Preview Content */ = {
			isa = PBXGroup;
			children = (
				0F550A402C063C15002534F3 /* Preview Assets.xcassets */,
			);
			path = "Preview Content";
			sourceTree = "<group>";
		};
/* End PBXGroup section */

/* Begin PBXNativeTarget section */
		0F550A352C063C14002534F3 /* KMOOC_TCA */ = {
			isa = PBXNativeTarget;
			buildConfigurationList = 0F550A442C063C15002534F3 /* Build configuration list for PBXNativeTarget "KMOOC_TCA" */;
			buildPhases = (
				0F550A322C063C14002534F3 /* Sources */,
				0F550A332C063C14002534F3 /* Frameworks */,
				0F550A342C063C14002534F3 /* Resources */,
			);
			buildRules = (
			);
			dependencies = (
			);
			name = KMOOC_TCA;
			packageProductDependencies = (
				0F5C59D62C106ADA00E8E422 /* ComposableArchitecture */,
			);
			productName = KMOOC_TCA;
			productReference = 0F550A362C063C14002534F3 /* KMOOC_TCA.app */;
			productType = "com.apple.product-type.application";
		};
/* End PBXNativeTarget section */

/* Begin PBXProject section */
		0F550A2E2C063C14002534F3 /* Project object */ = {
			isa = PBXProject;
			attributes = {
				BuildIndependentTargetsInParallel = 1;
				LastSwiftUpdateCheck = 1530;
				LastUpgradeCheck = 1530;
				TargetAttributes = {
					0F550A352C063C14002534F3 = {
						CreatedOnToolsVersion = 15.3;
					};
				};
			};
			buildConfigurationList = 0F550A312C063C14002534F3 /* Build configuration list for PBXProject "KMOOC_TCA" */;
			compatibilityVersion = "Xcode 14.0";
			developmentRegion = en;
			hasScannedForEncodings = 0;
			knownRegions = (
				en,
				Base,
			);
			mainGroup = 0F550A2D2C063C14002534F3;
			packageReferences = (
				0F5C59D52C106ADA00E8E422 /* XCRemoteSwiftPackageReference "swift-composable-architecture" */,
			);
			productRefGroup = 0F550A372C063C14002534F3 /* Products */;
			projectDirPath = "";
			projectRoot = "";
			targets = (
				0F550A352C063C14002534F3 /* KMOOC_TCA */,
			);
		};
/* End PBXProject section */

/* Begin PBXResourcesBuildPhase section */
		0F550A342C063C14002534F3 /* Resources */ = {
			isa = PBXResourcesBuildPhase;
			buildActionMask = 2147483647;
			files = (
				0F550A412C063C15002534F3 /* Preview Assets.xcassets in Resources */,
				0F550A3E2C063C15002534F3 /* Assets.xcassets in Resources */,
			);
			runOnlyForDeploymentPostprocessing = 0;
		};
/* End PBXResourcesBuildPhase section */

/* Begin PBXSourcesBuildPhase section */
		0F550A322C063C14002534F3 /* Sources */ = {
			isa = PBXSourcesBuildPhase;
			buildActionMask = 2147483647;
			files = (
				0F5C59DD2C12DE0500E8E422 /* KmoocListCore.swift in Sources */,
				0F5C59DB2C10ACC300E8E422 /* Model.swift in Sources */,
				0F5C59D22C10673200E8E422 /* KmoocListView.swift in Sources */,
				0F550A3A2C063C14002534F3 /* KMOOC_TCAApp.swift in Sources */,
				0F5C59D42C10673D00E8E422 /* KmoocDetailView.swift in Sources */,
			);
			runOnlyForDeploymentPostprocessing = 0;
		};
/* End PBXSourcesBuildPhase section */

/* Begin XCBuildConfiguration section */
		0F550A422C063C15002534F3 /* Debug */ = {
			isa = XCBuildConfiguration;
			buildSettings = {
				ALWAYS_SEARCH_USER_PATHS = NO;
				ASSETCATALOG_COMPILER_GENERATE_SWIFT_ASSET_SYMBOL_EXTENSIONS = YES;
				CLANG_ANALYZER_NONNULL = YES;
				CLANG_ANALYZER_NUMBER_OBJECT_CONVERSION = YES_AGGRESSIVE;
				CLANG_CXX_LANGUAGE_STANDARD = "gnu++20";
				CLANG_ENABLE_MODULES = YES;
				CLANG_ENABLE_OBJC_ARC = YES;
				CLANG_ENABLE_OBJC_WEAK = YES;
				CLANG_WARN_BLOCK_CAPTURE_AUTORELEASING = YES;
				CLANG_WARN_BOOL_CONVERSION = YES;
				CLANG_WARN_COMMA = YES;
				CLANG_WARN_CONSTANT_CONVERSION = YES;
				CLANG_WARN_DEPRECATED_OBJC_IMPLEMENTATIONS = YES;
				CLANG_WARN_DIRECT_OBJC_ISA_USAGE = YES_ERROR;
				CLANG_WARN_DOCUMENTATION_COMMENTS = YES;
				CLANG_WARN_EMPTY_BODY = YES;
				CLANG_WARN_ENUM_CONVERSION = YES;
				CLANG_WARN_INFINITE_RECURSION = YES;
				CLANG_WARN_INT_CONVERSION = YES;
				CLANG_WARN_NON_LITERAL_NULL_CONVERSION = YES;
				CLANG_WARN_OBJC_IMPLICIT_RETAIN_SELF = YES;
				CLANG_WARN_OBJC_LITERAL_CONVERSION = YES;
				CLANG_WARN_OBJC_ROOT_CLASS = YES_ERROR;
				CLANG_WARN_QUOTED_INCLUDE_IN_FRAMEWORK_HEADER = YES;
				CLANG_WARN_RANGE_LOOP_ANALYSIS = YES;
				CLANG_WARN_STRICT_PROTOTYPES = YES;
				CLANG_WARN_SUSPICIOUS_MOVE = YES;
				CLANG_WARN_UNGUARDED_AVAILABILITY = YES_AGGRESSIVE;
				CLANG_WARN_UNREACHABLE_CODE = YES;
				CLANG_WARN__DUPLICATE_METHOD_MATCH = YES;
				COPY_PHASE_STRIP = NO;
				DEBUG_INFORMATION_FORMAT = dwarf;
				ENABLE_STRICT_OBJC_MSGSEND = YES;
				ENABLE_TESTABILITY = YES;
				ENABLE_USER_SCRIPT_SANDBOXING = YES;
				GCC_C_LANGUAGE_STANDARD = gnu17;
				GCC_DYNAMIC_NO_PIC = NO;
				GCC_NO_COMMON_BLOCKS = YES;
				GCC_OPTIMIZATION_LEVEL = 0;
				GCC_PREPROCESSOR_DEFINITIONS = (
					"DEBUG=1",
					"$(inherited)",
				);
				GCC_WARN_64_TO_32_BIT_CONVERSION = YES;
				GCC_WARN_ABOUT_RETURN_TYPE = YES_ERROR;
				GCC_WARN_UNDECLARED_SELECTOR = YES;
				GCC_WARN_UNINITIALIZED_AUTOS = YES_AGGRESSIVE;
				GCC_WARN_UNUSED_FUNCTION = YES;
				GCC_WARN_UNUSED_VARIABLE = YES;
				IPHONEOS_DEPLOYMENT_TARGET = 17.4;
				LOCALIZATION_PREFERS_STRING_CATALOGS = YES;
				MTL_ENABLE_DEBUG_INFO = INCLUDE_SOURCE;
				MTL_FAST_MATH = YES;
				ONLY_ACTIVE_ARCH = YES;
				SDKROOT = iphoneos;
				SWIFT_ACTIVE_COMPILATION_CONDITIONS = "DEBUG $(inherited)";
				SWIFT_OPTIMIZATION_LEVEL = "-Onone";
			};
			name = Debug;
		};
		0F550A432C063C15002534F3 /* Release */ = {
			isa = XCBuildConfiguration;
			buildSettings = {
				ALWAYS_SEARCH_USER_PATHS = NO;
				ASSETCATALOG_COMPILER_GENERATE_SWIFT_ASSET_SYMBOL_EXTENSIONS = YES;
				CLANG_ANALYZER_NONNULL = YES;
				CLANG_ANALYZER_NUMBER_OBJECT_CONVERSION = YES_AGGRESSIVE;
				CLANG_CXX_LANGUAGE_STANDARD = "gnu++20";
				CLANG_ENABLE_MODULES = YES;
				CLANG_ENABLE_OBJC_ARC = YES;
				CLANG_ENABLE_OBJC_WEAK = YES;
				CLANG_WARN_BLOCK_CAPTURE_AUTORELEASING = YES;
				CLANG_WARN_BOOL_CONVERSION = YES;
				CLANG_WARN_COMMA = YES;
				CLANG_WARN_CONSTANT_CONVERSION = YES;
				CLANG_WARN_DEPRECATED_OBJC_IMPLEMENTATIONS = YES;
				CLANG_WARN_DIRECT_OBJC_ISA_USAGE = YES_ERROR;
				CLANG_WARN_DOCUMENTATION_COMMENTS = YES;
				CLANG_WARN_EMPTY_BODY = YES;
				CLANG_WARN_ENUM_CONVERSION = YES;
				CLANG_WARN_INFINITE_RECURSION = YES;
				CLANG_WARN_INT_CONVERSION = YES;
				CLANG_WARN_NON_LITERAL_NULL_CONVERSION = YES;
				CLANG_WARN_OBJC_IMPLICIT_RETAIN_SELF = YES;
				CLANG_WARN_OBJC_LITERAL_CONVERSION = YES;
				CLANG_WARN_OBJC_ROOT_CLASS = YES_ERROR;
				CLANG_WARN_QUOTED_INCLUDE_IN_FRAMEWORK_HEADER = YES;
				CLANG_WARN_RANGE_LOOP_ANALYSIS = YES;
				CLANG_WARN_STRICT_PROTOTYPES = YES;
				CLANG_WARN_SUSPICIOUS_MOVE = YES;
				CLANG_WARN_UNGUARDED_AVAILABILITY = YES_AGGRESSIVE;
				CLANG_WARN_UNREACHABLE_CODE = YES;
				CLANG_WARN__DUPLICATE_METHOD_MATCH = YES;
				COPY_PHASE_STRIP = NO;
				DEBUG_INFORMATION_FORMAT = "dwarf-with-dsym";
				ENABLE_NS_ASSERTIONS = NO;
				ENABLE_STRICT_OBJC_MSGSEND = YES;
				ENABLE_USER_SCRIPT_SANDBOXING = YES;
				GCC_C_LANGUAGE_STANDARD = gnu17;
				GCC_NO_COMMON_BLOCKS = YES;
				GCC_WARN_64_TO_32_BIT_CONVERSION = YES;
				GCC_WARN_ABOUT_RETURN_TYPE = YES_ERROR;
				GCC_WARN_UNDECLARED_SELECTOR = YES;
				GCC_WARN_UNINITIALIZED_AUTOS = YES_AGGRESSIVE;
				GCC_WARN_UNUSED_FUNCTION = YES;
				GCC_WARN_UNUSED_VARIABLE = YES;
				IPHONEOS_DEPLOYMENT_TARGET = 17.4;
				LOCALIZATION_PREFERS_STRING_CATALOGS = YES;
				MTL_ENABLE_DEBUG_INFO = NO;
				MTL_FAST_MATH = YES;
				SDKROOT = iphoneos;
				SWIFT_COMPILATION_MODE = wholemodule;
				VALIDATE_PRODUCT = YES;
			};
			name = Release;
		};
		0F550A452C063C15002534F3 /* Debug */ = {
			isa = XCBuildConfiguration;
			buildSettings = {
				ASSETCATALOG_COMPILER_APPICON_NAME = AppIcon;
				ASSETCATALOG_COMPILER_GLOBAL_ACCENT_COLOR_NAME = AccentColor;
				CODE_SIGN_STYLE = Automatic;
				CURRENT_PROJECT_VERSION = 1;
				DEVELOPMENT_ASSET_PATHS = "\"KMOOC_TCA/Preview Content\"";
				DEVELOPMENT_TEAM = A8PCCQAZN2;
				ENABLE_PREVIEWS = YES;
				GENERATE_INFOPLIST_FILE = YES;
				INFOPLIST_FILE = "KMOOC-TCA-Info.plist";
				INFOPLIST_KEY_UIApplicationSceneManifest_Generation = YES;
				INFOPLIST_KEY_UIApplicationSupportsIndirectInputEvents = YES;
				INFOPLIST_KEY_UILaunchScreen_Generation = YES;
				INFOPLIST_KEY_UISupportedInterfaceOrientations_iPad = "UIInterfaceOrientationPortrait UIInterfaceOrientationPortraitUpsideDown UIInterfaceOrientationLandscapeLeft UIInterfaceOrientationLandscapeRight";
				INFOPLIST_KEY_UISupportedInterfaceOrientations_iPhone = "UIInterfaceOrientationPortrait UIInterfaceOrientationLandscapeLeft UIInterfaceOrientationLandscapeRight";
				LD_RUNPATH_SEARCH_PATHS = (
					"$(inherited)",
					"@executable_path/Frameworks",
				);
				MARKETING_VERSION = 1.0;
				PRODUCT_BUNDLE_IDENTIFIER = "com.zoa0945.KMOOC-TCA";
				PRODUCT_NAME = "$(TARGET_NAME)";
				SWIFT_EMIT_LOC_STRINGS = YES;
				SWIFT_VERSION = 5.0;
				TARGETED_DEVICE_FAMILY = "1,2";
			};
			name = Debug;
		};
		0F550A462C063C15002534F3 /* Release */ = {
			isa = XCBuildConfiguration;
			buildSettings = {
				ASSETCATALOG_COMPILER_APPICON_NAME = AppIcon;
				ASSETCATALOG_COMPILER_GLOBAL_ACCENT_COLOR_NAME = AccentColor;
				CODE_SIGN_STYLE = Automatic;
				CURRENT_PROJECT_VERSION = 1;
				DEVELOPMENT_ASSET_PATHS = "\"KMOOC_TCA/Preview Content\"";
				DEVELOPMENT_TEAM = A8PCCQAZN2;
				ENABLE_PREVIEWS = YES;
				GENERATE_INFOPLIST_FILE = YES;
				INFOPLIST_FILE = "KMOOC-TCA-Info.plist";
				INFOPLIST_KEY_UIApplicationSceneManifest_Generation = YES;
				INFOPLIST_KEY_UIApplicationSupportsIndirectInputEvents = YES;
				INFOPLIST_KEY_UILaunchScreen_Generation = YES;
				INFOPLIST_KEY_UISupportedInterfaceOrientations_iPad = "UIInterfaceOrientationPortrait UIInterfaceOrientationPortraitUpsideDown UIInterfaceOrientationLandscapeLeft UIInterfaceOrientationLandscapeRight";
				INFOPLIST_KEY_UISupportedInterfaceOrientations_iPhone = "UIInterfaceOrientationPortrait UIInterfaceOrientationLandscapeLeft UIInterfaceOrientationLandscapeRight";
				LD_RUNPATH_SEARCH_PATHS = (
					"$(inherited)",
					"@executable_path/Frameworks",
				);
				MARKETING_VERSION = 1.0;
				PRODUCT_BUNDLE_IDENTIFIER = "com.zoa0945.KMOOC-TCA";
				PRODUCT_NAME = "$(TARGET_NAME)";
				SWIFT_EMIT_LOC_STRINGS = YES;
				SWIFT_VERSION = 5.0;
				TARGETED_DEVICE_FAMILY = "1,2";
			};
			name = Release;
		};
/* End XCBuildConfiguration section */

/* Begin XCConfigurationList section */
		0F550A312C063C14002534F3 /* Build configuration list for PBXProject "KMOOC_TCA" */ = {
			isa = XCConfigurationList;
			buildConfigurations = (
				0F550A422C063C15002534F3 /* Debug */,
				0F550A432C063C15002534F3 /* Release */,
			);
			defaultConfigurationIsVisible = 0;
			defaultConfigurationName = Release;
		};
		0F550A442C063C15002534F3 /* Build configuration list for PBXNativeTarget "KMOOC_TCA" */ = {
			isa = XCConfigurationList;
			buildConfigurations = (
				0F550A452C063C15002534F3 /* Debug */,
				0F550A462C063C15002534F3 /* Release */,
			);
			defaultConfigurationIsVisible = 0;
			defaultConfigurationName = Release;
		};
/* End XCConfigurationList section */

/* Begin XCRemoteSwiftPackageReference section */
		0F5C59D52C106ADA00E8E422 /* XCRemoteSwiftPackageReference "swift-composable-architecture" */ = {
			isa = XCRemoteSwiftPackageReference;
			repositoryURL = "https://github.com/pointfreeco/swift-composable-architecture";
			requirement = {
				kind = upToNextMajorVersion;
				minimumVersion = 1.10.4;
			};
		};
/* End XCRemoteSwiftPackageReference section */

/* Begin XCSwiftPackageProductDependency section */
		0F5C59D62C106ADA00E8E422 /* ComposableArchitecture */ = {
			isa = XCSwiftPackageProductDependency;
			package = 0F5C59D52C106ADA00E8E422 /* XCRemoteSwiftPackageReference "swift-composable-architecture" */;
			productName = ComposableArchitecture;
		};
/* End XCSwiftPackageProductDependency section */
	};
	rootObject = 0F550A2E2C063C14002534F3 /* Project object */;
}
